{
  "name": "fishtank",
  "version": "0.1.0",
  "lockfileVersion": 3,
  "requires": true,
  "packages": {
    "": {
      "name": "fishtank",
      "version": "0.1.0",
      "dependencies": {
        "babylonjs": "^8.0.0",
        "babylonjs-loaders": "^8.0.0",
        "ws": "^8.18.0"
      },
      "devDependencies": {
        "prettier": "^3.9.6"
      }
    },
    "node_modules/babylonjs": {
      "version": "8.56.2",
      "resolved": "https://registry.npmjs.org/babylonjs/-/babylonjs-8.56.2.tgz",
      "integrity": "sha512-fQdVZfjccdlbQqrRH0nZMJuLnFtIW2wUVIjRaUqXSNLSlq/OgFKG+dDODHGpZqmJHO6WIOJB/mWxIUCKQrjV8Q==",
      "hasInstallScript": true,
      "license": "Apache-2.0"
    },
    "node_modules/babylonjs-gltf2interface": {
      "version": "8.56.2",
      "resolved": "https://registry.npmjs.org/babylonjs-gltf2interface/-/babylonjs-gltf2interface-8.56.2.tgz",
      "integrity": "sha512-c2k14C9mPR0pnfksjBdC4uXEos3t2IAYxcMgn5tI1OSC3aDfr6JAq4kADM4gfN9cUo2qIiDdSg6geUVeU8vi6w==",
      "license": "Apache-2.0"
    },
    "node_modules/babylonjs-loaders": {
      "version": "8.56.2",
      "resolved": "https://registry.npmjs.org/babylonjs-loaders/-/babylonjs-loaders-8.56.2.tgz",
      "integrity": "sha512-etSDzgChx6of2U9V1WydK2KUBp3NdSbXIH3GC+iCjfguOemrsh50nlyC9guw1XkElr3IwHrN30lc+wgXQySq4A==",
      "license": "Apache-2.0",
      "dependencies": {
        "babylonjs": "8.56.2",
        "babylonjs-gltf2interface": "8.56.2"
      }
    },
    "node_modules/prettier": {
      "version": "3.9.6",
      "resolved": "https://registry.npmjs.org/prettier/-/prettier-3.9.6.tgz",
      "integrity": "sha512-OpN0zzVdiaiAhxpuuj5efpIS4sY9j7bY6uR5mnj5yPzGkdkjNKSJeUThPb60Jw29QuAZgA4o+/iB49kFiaBX6g==",
      "dev": true,
      "license": "MIT",
      "bin": {
        "prettier": "bin/prettier.cjs"
      },
      "engines": {
        "node": ">=14"
      },
      "funding": {
        "url": "https://github.com/prettier/prettier?sponsor=1"
      }
    },
    "node_modules/ws": {
      "version": "8.21.3",
      "resolved": "https://registry.npmjs.org/ws/-/ws-8.21.3.tgz",
      "integrity": "sha512-201TZ/kPWxoPr/OKWjquZR1SWKXcvxdH+e1xrx89b3YbmzLMFCLfnaG1HFIgWzJOEWZ7MvpK++odZufgYR50Rw==",
      "license": "MIT",
      "engines": {
        "node": ">=10.0.0"
      },
      "peerDependencies": {
        "bufferutil": "^4.0.1",
        "utf-8-validate": ">=5.0.2"
      },
      "peerDependenciesMeta": {
        "bufferutil": {
          "optional": true
        },
        "utf-8-validate": {
          "optional": true
        }
      }
    }
  }
}
